
Microsoft Visual Studio Solution File, Format Version 12.00
# Visual Studio Version 16
VisualStudioVersion = 16.0.31105.61
MinimumVisualStudioVersion = 10.0.40219.1
Project("{9A19103F-16F7-4668-BE54-9A1E7A4F7556}") = "Sales.Api", "Sales.Api\Sales.Api.csproj", "{BCBADF38-D7F5-4C21-AC85-F1035B30DEF8}"
EndProject
Project("{9A19103F-16F7-4668-BE54-9A1E7A4F7556}") = "Sales.Entitys", "Sales.Entitys\Sales.Entitys.csproj", "{E771E428-8E70-45F4-A509-6DB6794211EA}"
EndProject
Project("{9A19103F-16F7-4668-BE54-9A1E7A4F7556}") = "Sales.Framework", "Sales.Framework\Sales.Framework.csproj", "{78B91B23-9F4D-4129-8C4C-6EF6CDB3F942}"
EndProject
Project("{9A19103F-16F7-4668-BE54-9A1E7A4F7556}") = "Sales.Repositories", "Sales.Repositories\Sales.Repositories.csproj", "{A83125AA-8F10-43AC-A6ED-59CF7A4CC5C2}"
EndProject
Project("{9A19103F-16F7-4668-BE54-9A1E7A4F7556}") = "Sales.Resources", "Sales.Resources\Sales.Resources.csproj", "{7646D684-3E40-4AD8-90D9-A9F5072C5B4F}"
EndProject
Global
	GlobalSection(SolutionConfigurationPlatforms) = preSolution
		Debug|Any CPU = Debug|Any CPU
		Release|Any CPU = Release|Any CPU
	EndGlobalSection
	GlobalSection(ProjectConfigurationPlatforms) = postSolution
		{BCBADF38-D7F5-4C21-AC85-F1035B30DEF8}.Debug|Any CPU.ActiveCfg = Debug|Any CPU
		{BCBADF38-D7F5-4C21-AC85-F1035B30DEF8}.Debug|Any CPU.Build.0 = Debug|Any CPU
		{BCBADF38-D7F5-4C21-AC85-F1035B30DEF8}.Release|Any CPU.ActiveCfg = Release|Any CPU
		{BCBADF38-D7F5-4C21-AC85-F1035B30DEF8}.Release|Any CPU.Build.0 = Release|Any CPU
		{E771E428-8E70-45F4-A509-6DB6794211EA}.Debug|Any CPU.ActiveCfg = Debug|Any CPU
		{E771E428-8E70-45F4-A509-6DB6794211EA}.Debug|Any CPU.Build.0 = Debug|Any CPU
		{E771E428-8E70-45F4-A509-6DB6794211EA}.Release|Any CPU.ActiveCfg = Release|Any CPU
		{E771E428-8E70-45F4-A509-6DB6794211EA}.Release|Any CPU.Build.0 = Release|Any CPU
		{78B91B23-9F4D-4129-8C4C-6EF6CDB3F942}.Debug|Any CPU.ActiveCfg = Debug|Any CPU
		{78B91B23-9F4D-4129-8C4C-6EF6CDB3F942}.Debug|Any CPU.Build.0 = Debug|Any CPU
		{78B91B23-9F4D-4129-8C4C-6EF6CDB3F942}.Release|Any CPU.ActiveCfg = Release|Any CPU
		{78B91B23-9F4D-4129-8C4C-6EF6CDB3F942}.Release|Any CPU.Build.0 = Release|Any CPU
		{A83125AA-8F10-43AC-A6ED-59CF7A4CC5C2}.Debug|Any CPU.ActiveCfg = Debug|Any CPU
		{A83125AA-8F10-43AC-A6ED-59CF7A4CC5C2}.Debug|Any CPU.Build.0 = Debug|Any CPU
		{A83125AA-8F10-43AC-A6ED-59CF7A4CC5C2}.Release|Any CPU.ActiveCfg = Release|Any CPU
		{A83125AA-8F10-43AC-A6ED-59CF7A4CC5C2}.Release|Any CPU.Build.0 = Release|Any CPU
		{7646D684-3E40-4AD8-90D9-A9F5072C5B4F}.Debug|Any CPU.ActiveCfg = Debug|Any CPU
		{7646D684-3E40-4AD8-90D9-A9F5072C5B4F}.Debug|Any CPU.Build.0 = Debug|Any CPU
		{7646D684-3E40-4AD8-90D9-A9F5072C5B4F}.Release|Any CPU.ActiveCfg = Release|Any CPU
		{7646D684-3E40-4AD8-90D9-A9F5072C5B4F}.Release|Any CPU.Build.0 = Release|Any CPU
	EndGlobalSection
	GlobalSection(SolutionProperties) = preSolution
		HideSolutionNode = FALSE
	EndGlobalSection
	GlobalSection(ExtensibilityGlobals) = postSolution
		SolutionGuid = {DA4C78D9-3EA5-4422-BBAB-8D461DFEF323}
	EndGlobalSection
EndGlobal
